
Microsoft Visual Studio Solution File, Format Version 12.00
# Visual Studio Version 16
VisualStudioVersion = 16.0.31105.61
MinimumVisualStudioVersion = 10.0.40219.1
Project("{FAE04EC0-301F-11D3-BF4B-00C04F79EFBC}") = "ValidHours", "ValidHours.csproj", "{853058B6-DE48-467C-A8D7-F82F330ECC88}"
EndProject
Global
	GlobalSection(SolutionConfigurationPlatforms) = preSolution
		Debug|Any CPU = Debug|Any CPU
		Release|Any CPU = Release|Any CPU
	EndGlobalSection
	GlobalSection(ProjectConfigurationPlatforms) = postSolution
		{853058B6-DE48-467C-A8D7-F82F330ECC88}.Debug|Any CPU.ActiveCfg = Debug|Any CPU
		{853058B6-DE48-467C-A8D7-F82F330ECC88}.Debug|Any CPU.Build.0 = Debug|Any CPU
		{853058B6-DE48-467C-A8D7-F82F330ECC88}.Release|Any CPU.ActiveCfg = Release|Any CPU
		{853058B6-DE48-467C-A8D7-F82F330ECC88}.Release|Any CPU.Build.0 = Release|Any CPU
	EndGlobalSection
	GlobalSection(SolutionProperties) = preSolution
		HideSolutionNode = FALSE
	EndGlobalSection
	GlobalSection(ExtensibilityGlobals) = postSolution
		SolutionGuid = {C8D9C91F-735C-4BAE-AAD5-BF7FE9ABCB6B}
	EndGlobalSection
EndGlobal
